
Microsoft Visual Studio Solution File, Format Version 12.00
# Visual Studio Version 17
VisualStudioVersion = 17.0.32112.339
MinimumVisualStudioVersion = 10.0.40219.1
Project("{FAE04EC0-301F-11D3-BF4B-00C04F79EFBC}") = "APIsAndJSONex", "APIsAndJSONex.csproj", "{DAECC9B1-7FE5-4FB0-8EDA-86678934FDFA}"
EndProject
Global
	GlobalSection(SolutionConfigurationPlatforms) = preSolution
		Debug|Any CPU = Debug|Any CPU
		Release|Any CPU = Release|Any CPU
	EndGlobalSection
	GlobalSection(ProjectConfigurationPlatforms) = postSolution
		{DAECC9B1-7FE5-4FB0-8EDA-86678934FDFA}.Debug|Any CPU.ActiveCfg = Debug|Any CPU
		{DAECC9B1-7FE5-4FB0-8EDA-86678934FDFA}.Debug|Any CPU.Build.0 = Debug|Any CPU
		{DAECC9B1-7FE5-4FB0-8EDA-86678934FDFA}.Release|Any CPU.ActiveCfg = Release|Any CPU
		{DAECC9B1-7FE5-4FB0-8EDA-86678934FDFA}.Release|Any CPU.Build.0 = Release|Any CPU
	EndGlobalSection
	GlobalSection(SolutionProperties) = preSolution
		HideSolutionNode = FALSE
	EndGlobalSection
	GlobalSection(ExtensibilityGlobals) = postSolution
		SolutionGuid = {1549DC60-6969-4BED-BDCC-3CBE2CD0D083}
	EndGlobalSection
EndGlobal
